// !$*UTF8*$!
{
	archiveVersion = 1;
	classes = {
	};
	objectVersion = 56;
	objects = {

/* Begin PBXBuildFile section */
		68BD86E72B22DE2800DD970E /* Sign_Language_to_Text_Translator_AppApp.swift in Sources */ = {isa = PBXBuildFile; fileRef = 68BD86E62B22DE2800DD970E /* Sign_Language_to_Text_Translator_AppApp.swift */; };
		68BD86E92B22DE2800DD970E /* ContentView.swift in Sources */ = {isa = PBXBuildFile; fileRef = 68BD86E82B22DE2800DD970E /* ContentView.swift */; };
		68BD86EB2B22DE2900DD970E /* Assets.xcassets in Resources */ = {isa = PBXBuildFile; fileRef = 68BD86EA2B22DE2900DD970E /* Assets.xcassets */; };
		68BD86EE2B22DE2900DD970E /* Preview Assets.xcassets in Resources */ = {isa = PBXBuildFile; fileRef = 68BD86ED2B22DE2900DD970E /* Preview Assets.xcassets */; };
		68BD86F82B22DE2A00DD970E /* Sign_Language_to_Text_Translator_AppTests.swift in Sources */ = {isa = PBXBuildFile; fileRef = 68BD86F72B22DE2A00DD970E /* Sign_Language_to_Text_Translator_AppTests.swift */; };
		68BD87022B22DE2A00DD970E /* Sign_Language_to_Text_Translator_AppUITests.swift in Sources */ = {isa = PBXBuildFile; fileRef = 68BD87012B22DE2A00DD970E /* Sign_Language_to_Text_Translator_AppUITests.swift */; };
		68BD87042B22DE2A00DD970E /* Sign_Language_to_Text_Translator_AppUITestsLaunchTests.swift in Sources */ = {isa = PBXBuildFile; fileRef = 68BD87032B22DE2A00DD970E /* Sign_Language_to_Text_Translator_AppUITestsLaunchTests.swift */; };
		68BD87172B22E01A00DD970E /* ssss 1.mlmodel in Sources */ = {isa = PBXBuildFile; fileRef = 68BD87152B22E01A00DD970E /* ssss 1.mlmodel */; };
		68BD87182B22E01A00DD970E /* ssss 2.mlmodel in Sources */ = {isa = PBXBuildFile; fileRef = 68BD87162B22E01A00DD970E /* ssss 2.mlmodel */; };
/* End PBXBuildFile section */

/* Begin PBXContainerItemProxy section */
		68BD86F42B22DE2A00DD970E /* PBXContainerItemProxy */ = {
			isa = PBXContainerItemProxy;
			containerPortal = 68BD86DB2B22DE2800DD970E /* Project object */;
			proxyType = 1;
			remoteGlobalIDString = 68BD86E22B22DE2800DD970E;
			remoteInfo = "Sign Language to Text Translator App";
		};
		68BD86FE2B22DE2A00DD970E /* PBXContainerItemProxy */ = {
			isa = PBXContainerItemProxy;
			containerPortal = 68BD86DB2B22DE2800DD970E /* Project object */;
			proxyType = 1;
			remoteGlobalIDString = 68BD86E22B22DE2800DD970E;
			remoteInfo = "Sign Language to Text Translator App";
		};
/* End PBXContainerItemProxy section */

/* Begin PBXFileReference section */
		68BD86E32B22DE2800DD970E /* Sign Language to Text Translator App.app */ = {isa = PBXFileReference; explicitFileType = wrapper.application; includeInIndex = 0; path = "Sign Language to Text Translator App.app"; sourceTree = BUILT_PRODUCTS_DIR; };
		68BD86E62B22DE2800DD970E /* Sign_Language_to_Text_Translator_AppApp.swift */ = {isa = PBXFileReference; lastKnownFileType = sourcecode.swift; path = Sign_Language_to_Text_Translator_AppApp.swift; sourceTree = "<group>"; };
		68BD86E82B22DE2800DD970E /* ContentView.swift */ = {isa = PBXFileReference; lastKnownFileType = sourcecode.swift; path = ContentView.swift; sourceTree = "<group>"; };
		68BD86EA2B22DE2900DD970E /* Assets.xcassets */ = {isa = PBXFileReference; lastKnownFileType = folder.assetcatalog; path = Assets.xcassets; sourceTree = "<group>"; };
		68BD86ED2B22DE2900DD970E /* Preview Assets.xcassets */ = {isa = PBXFileReference; lastKnownFileType = folder.assetcatalog; path = "Preview Assets.xcassets"; sourceTree = "<group>"; };
		68BD86F32B22DE2A00DD970E /* Sign Language to Text Translator AppTests.xctest */ = {isa = PBXFileReference; explicitFileType = wrapper.cfbundle; includeInIndex = 0; path = "Sign Language to Text Translator AppTests.xctest"; sourceTree = BUILT_PRODUCTS_DIR; };
		68BD86F72B22DE2A00DD970E /* Sign_Language_to_Text_Translator_AppTests.swift */ = {isa = PBXFileReference; lastKnownFileType = sourcecode.swift; path = Sign_Language_to_Text_Translator_AppTests.swift; sourceTree = "<group>"; };
		68BD86FD2B22DE2A00DD970E /* Sign Language to Text Translator AppUITests.xctest */ = {isa = PBXFileReference; explicitFileType = wrapper.cfbundle; includeInIndex = 0; path = "Sign Language to Text Translator AppUITests.xctest"; sourceTree = BUILT_PRODUCTS_DIR; };
		68BD87012B22DE2A00DD970E /* Sign_Language_to_Text_Translator_AppUITests.swift */ = {isa = PBXFileReference; lastKnownFileType = sourcecode.swift; path = Sign_Language_to_Text_Translator_AppUITests.swift; sourceTree = "<group>"; };
		68BD87032B22DE2A00DD970E /* Sign_Language_to_Text_Translator_AppUITestsLaunchTests.swift */ = {isa = PBXFileReference; lastKnownFileType = sourcecode.swift; path = Sign_Language_to_Text_Translator_AppUITestsLaunchTests.swift; sourceTree = "<group>"; };
		68BD87152B22E01A00DD970E /* ssss 1.mlmodel */ = {isa = PBXFileReference; lastKnownFileType = file.mlmodel; name = "ssss 1.mlmodel"; path = "../../ssss 1.mlmodel"; sourceTree = "<group>"; };
		68BD87162B22E01A00DD970E /* ssss 2.mlmodel */ = {isa = PBXFileReference; lastKnownFileType = file.mlmodel; name = "ssss 2.mlmodel"; path = "../../ssss 2.mlmodel"; sourceTree = "<group>"; };
/* End PBXFileReference section */

/* Begin PBXFrameworksBuildPhase section */
		68BD86E02B22DE2800DD970E /* Frameworks */ = {
			isa = PBXFrameworksBuildPhase;
			buildActionMask = 2147483647;
			files = (
			);
			runOnlyForDeploymentPostprocessing = 0;
		};
		68BD86F02B22DE2A00DD970E /* Frameworks */ = {
			isa = PBXFrameworksBuildPhase;
			buildActionMask = 2147483647;
			files = (
			);
			runOnlyForDeploymentPostprocessing = 0;
		};
		68BD86FA2B22DE2A00DD970E /* Frameworks */ = {
			isa = PBXFrameworksBuildPhase;
			buildActionMask = 2147483647;
			files = (
			);
			runOnlyForDeploymentPostprocessing = 0;
		};
/* End PBXFrameworksBuildPhase section */

/* Begin PBXGroup section */
		68BD86DA2B22DE2800DD970E = {
			isa = PBXGroup;
			children = (
				68BD87102B22DFA800DD970E /* models */,
				68BD86E52B22DE2800DD970E /* Sign Language to Text Translator App */,
				68BD86F62B22DE2A00DD970E /* Sign Language to Text Translator AppTests */,
				68BD87002B22DE2A00DD970E /* Sign Language to Text Translator AppUITests */,
				68BD86E42B22DE2800DD970E /* Products */,
			);
			sourceTree = "<group>";
		};
		68BD86E42B22DE2800DD970E /* Products */ = {
			isa = PBXGroup;
			children = (
				68BD86E32B22DE2800DD970E /* Sign Language to Text Translator App.app */,
				68BD86F32B22DE2A00DD970E /* Sign Language to Text Translator AppTests.xctest */,
				68BD86FD2B22DE2A00DD970E /* Sign Language to Text Translator AppUITests.xctest */,
			);
			name = Products;
			sourceTree = "<group>";
		};
		68BD86E52B22DE2800DD970E /* Sign Language to Text Translator App */ = {
			isa = PBXGroup;
			children = (
				68BD86E62B22DE2800DD970E /* Sign_Language_to_Text_Translator_AppApp.swift */,
				68BD86E82B22DE2800DD970E /* ContentView.swift */,
				68BD86EA2B22DE2900DD970E /* Assets.xcassets */,
				68BD86EC2B22DE2900DD970E /* Preview Content */,
			);
			path = "Sign Language to Text Translator App";
			sourceTree = "<group>";
		};
		68BD86EC2B22DE2900DD970E /* Preview Content */ = {
			isa = PBXGroup;
			children = (
				68BD86ED2B22DE2900DD970E /* Preview Assets.xcassets */,
			);
			path = "Preview Content";
			sourceTree = "<group>";
		};
		68BD86F62B22DE2A00DD970E /* Sign Language to Text Translator AppTests */ = {
			isa = PBXGroup;
			children = (
				68BD86F72B22DE2A00DD970E /* Sign_Language_to_Text_Translator_AppTests.swift */,
			);
			path = "Sign Language to Text Translator AppTests";
			sourceTree = "<group>";
		};
		68BD87002B22DE2A00DD970E /* Sign Language to Text Translator AppUITests */ = {
			isa = PBXGroup;
			children = (
				68BD87012B22DE2A00DD970E /* Sign_Language_to_Text_Translator_AppUITests.swift */,
				68BD87032B22DE2A00DD970E /* Sign_Language_to_Text_Translator_AppUITestsLaunchTests.swift */,
			);
			path = "Sign Language to Text Translator AppUITests";
			sourceTree = "<group>";
		};
		68BD87102B22DFA800DD970E /* models */ = {
			isa = PBXGroup;
			children = (
				68BD87152B22E01A00DD970E /* ssss 1.mlmodel */,
				68BD87162B22E01A00DD970E /* ssss 2.mlmodel */,
			);
			path = models;
			sourceTree = "<group>";
		};
/* End PBXGroup section */

/* Begin PBXNativeTarget section */
		68BD86E22B22DE2800DD970E /* Sign Language to Text Translator App */ = {
			isa = PBXNativeTarget;
			buildConfigurationList = 68BD87072B22DE2A00DD970E /* Build configuration list for PBXNativeTarget "Sign Language to Text Translator App" */;
			buildPhases = (
				68BD86DF2B22DE2800DD970E /* Sources */,
				68BD86E02B22DE2800DD970E /* Frameworks */,
				68BD86E12B22DE2800DD970E /* Resources */,
			);
			buildRules = (
			);
			dependencies = (
			);
			name = "Sign Language to Text Translator App";
			productName = "Sign Language to Text Translator App";
			productReference = 68BD86E32B22DE2800DD970E /* Sign Language to Text Translator App.app */;
			productType = "com.apple.product-type.application";
		};
		68BD86F22B22DE2A00DD970E /* Sign Language to Text Translator AppTests */ = {
			isa = PBXNativeTarget;
			buildConfigurationList = 68BD870A2B22DE2A00DD970E /* Build configuration list for PBXNativeTarget "Sign Language to Text Translator AppTests" */;
			buildPhases = (
				68BD86EF2B22DE2A00DD970E /* Sources */,
				68BD86F02B22DE2A00DD970E /* Frameworks */,
				68BD86F12B22DE2A00DD970E /* Resources */,
			);
			buildRules = (
			);
			dependencies = (
				68BD86F52B22DE2A00DD970E /* PBXTargetDependency */,
			);
			name = "Sign Language to Text Translator AppTests";
			productName = "Sign Language to Text Translator AppTests";
			productReference = 68BD86F32B22DE2A00DD970E /* Sign Language to Text Translator AppTests.xctest */;
			productType = "com.apple.product-type.bundle.unit-test";
		};
		68BD86FC2B22DE2A00DD970E /* Sign Language to Text Translator AppUITests */ = {
			isa = PBXNativeTarget;
			buildConfigurationList = 68BD870D2B22DE2A00DD970E /* Build configuration list for PBXNativeTarget "Sign Language to Text Translator AppUITests" */;
			buildPhases = (
				68BD86F92B22DE2A00DD970E /* Sources */,
				68BD86FA2B22DE2A00DD970E /* Frameworks */,
				68BD86FB2B22DE2A00DD970E /* Resources */,
			);
			buildRules = (
			);
			dependencies = (
				68BD86FF2B22DE2A00DD970E /* PBXTargetDependency */,
			);
			name = "Sign Language to Text Translator AppUITests";
			productName = "Sign Language to Text Translator AppUITests";
			productReference = 68BD86FD2B22DE2A00DD970E /* Sign Language to Text Translator AppUITests.xctest */;
			productType = "com.apple.product-type.bundle.ui-testing";
		};
/* End PBXNativeTarget section */

/* Begin PBXProject section */
		68BD86DB2B22DE2800DD970E /* Project object */ = {
			isa = PBXProject;
			attributes = {
				BuildIndependentTargetsInParallel = 1;
				LastSwiftUpdateCheck = 1430;
				LastUpgradeCheck = 1430;
				TargetAttributes = {
					68BD86E22B22DE2800DD970E = {
						CreatedOnToolsVersion = 14.3.1;
					};
					68BD86F22B22DE2A00DD970E = {
						CreatedOnToolsVersion = 14.3.1;
						TestTargetID = 68BD86E22B22DE2800DD970E;
					};
					68BD86FC2B22DE2A00DD970E = {
						CreatedOnToolsVersion = 14.3.1;
						TestTargetID = 68BD86E22B22DE2800DD970E;
					};
				};
			};
			buildConfigurationList = 68BD86DE2B22DE2800DD970E /* Build configuration list for PBXProject "Sign Language to Text Translator App" */;
			compatibilityVersion = "Xcode 14.0";
			developmentRegion = en;
			hasScannedForEncodings = 0;
			knownRegions = (
				en,
				Base,
			);
			mainGroup = 68BD86DA2B22DE2800DD970E;
			productRefGroup = 68BD86E42B22DE2800DD970E /* Products */;
			projectDirPath = "";
			projectRoot = "";
			targets = (
				68BD86E22B22DE2800DD970E /* Sign Language to Text Translator App */,
				68BD86F22B22DE2A00DD970E /* Sign Language to Text Translator AppTests */,
				68BD86FC2B22DE2A00DD970E /* Sign Language to Text Translator AppUITests */,
			);
		};
/* End PBXProject section */

/* Begin PBXResourcesBuildPhase section */
		68BD86E12B22DE2800DD970E /* Resources */ = {
			isa = PBXResourcesBuildPhase;
			buildActionMask = 2147483647;
			files = (
				68BD86EE2B22DE2900DD970E /* Preview Assets.xcassets in Resources */,
				68BD86EB2B22DE2900DD970E /* Assets.xcassets in Resources */,
			);
			runOnlyForDeploymentPostprocessing = 0;
		};
		68BD86F12B22DE2A00DD970E /* Resources */ = {
			isa = PBXResourcesBuildPhase;
			buildActionMask = 2147483647;
			files = (
			);
			runOnlyForDeploymentPostprocessing = 0;
		};
		68BD86FB2B22DE2A00DD970E /* Resources */ = {
			isa = PBXResourcesBuildPhase;
			buildActionMask = 2147483647;
			files = (
			);
			runOnlyForDeploymentPostprocessing = 0;
		};
/* End PBXResourcesBuildPhase section */

/* Begin PBXSourcesBuildPhase section */
		68BD86DF2B22DE2800DD970E /* Sources */ = {
			isa = PBXSourcesBuildPhase;
			buildActionMask = 2147483647;
			files = (
				68BD87182B22E01A00DD970E /* ssss 2.mlmodel in Sources */,
				68BD86E92B22DE2800DD970E /* ContentView.swift in Sources */,
				68BD87172B22E01A00DD970E /* ssss 1.mlmodel in Sources */,
				68BD86E72B22DE2800DD970E /* Sign_Language_to_Text_Translator_AppApp.swift in Sources */,
			);
			runOnlyForDeploymentPostprocessing = 0;
		};
		68BD86EF2B22DE2A00DD970E /* Sources */ = {
			isa = PBXSourcesBuildPhase;
			buildActionMask = 2147483647;
			files = (
				68BD86F82B22DE2A00DD970E /* Sign_Language_to_Text_Translator_AppTests.swift in Sources */,
			);
			runOnlyForDeploymentPostprocessing = 0;
		};
		68BD86F92B22DE2A00DD970E /* Sources */ = {
			isa = PBXSourcesBuildPhase;
			buildActionMask = 2147483647;
			files = (
				68BD87022B22DE2A00DD970E /* Sign_Language_to_Text_Translator_AppUITests.swift in Sources */,
				68BD87042B22DE2A00DD970E /* Sign_Language_to_Text_Translator_AppUITestsLaunchTests.swift in Sources */,
			);
			runOnlyForDeploymentPostprocessing = 0;
		};
/* End PBXSourcesBuildPhase section */

/* Begin PBXTargetDependency section */
		68BD86F52B22DE2A00DD970E /* PBXTargetDependency */ = {
			isa = PBXTargetDependency;
			target = 68BD86E22B22DE2800DD970E /* Sign Language to Text Translator App */;
			targetProxy = 68BD86F42B22DE2A00DD970E /* PBXContainerItemProxy */;
		};
		68BD86FF2B22DE2A00DD970E /* PBXTargetDependency */ = {
			isa = PBXTargetDependency;
			target = 68BD86E22B22DE2800DD970E /* Sign Language to Text Translator App */;
			targetProxy = 68BD86FE2B22DE2A00DD970E /* PBXContainerItemProxy */;
		};
/* End PBXTargetDependency section */

/* Begin XCBuildConfiguration section */
		68BD87052B22DE2A00DD970E /* Debug */ = {
			isa = XCBuildConfiguration;
			buildSettings = {
				ALWAYS_SEARCH_USER_PATHS = NO;
				CLANG_ANALYZER_NONNULL = YES;
				CLANG_ANALYZER_NUMBER_OBJECT_CONVERSION = YES_AGGRESSIVE;
				CLANG_CXX_LANGUAGE_STANDARD = "gnu++20";
				CLANG_ENABLE_MODULES = YES;
				CLANG_ENABLE_OBJC_ARC = YES;
				CLANG_ENABLE_OBJC_WEAK = YES;
				CLANG_WARN_BLOCK_CAPTURE_AUTORELEASING = YES;
				CLANG_WARN_BOOL_CONVERSION = YES;
				CLANG_WARN_COMMA = YES;
				CLANG_WARN_CONSTANT_CONVERSION = YES;
				CLANG_WARN_DEPRECATED_OBJC_IMPLEMENTATIONS = YES;
				CLANG_WARN_DIRECT_OBJC_ISA_USAGE = YES_ERROR;
				CLANG_WARN_DOCUMENTATION_COMMENTS = YES;
				CLANG_WARN_EMPTY_BODY = YES;
				CLANG_WARN_ENUM_CONVERSION = YES;
				CLANG_WARN_INFINITE_RECURSION = YES;
				CLANG_WARN_INT_CONVERSION = YES;
				CLANG_WARN_NON_LITERAL_NULL_CONVERSION = YES;
				CLANG_WARN_OBJC_IMPLICIT_RETAIN_SELF = YES;
				CLANG_WARN_OBJC_LITERAL_CONVERSION = YES;
				CLANG_WARN_OBJC_ROOT_CLASS = YES_ERROR;
				CLANG_WARN_QUOTED_INCLUDE_IN_FRAMEWORK_HEADER = YES;
				CLANG_WARN_RANGE_LOOP_ANALYSIS = YES;
				CLANG_WARN_STRICT_PROTOTYPES = YES;
				CLANG_WARN_SUSPICIOUS_MOVE = YES;
				CLANG_WARN_UNGUARDED_AVAILABILITY = YES_AGGRESSIVE;
				CLANG_WARN_UNREACHABLE_CODE = YES;
				CLANG_WARN__DUPLICATE_METHOD_MATCH = YES;
				COPY_PHASE_STRIP = NO;
				DEBUG_INFORMATION_FORMAT = dwarf;
				ENABLE_STRICT_OBJC_MSGSEND = YES;
				ENABLE_TESTABILITY = YES;
				GCC_C_LANGUAGE_STANDARD = gnu11;
				GCC_DYNAMIC_NO_PIC = NO;
				GCC_NO_COMMON_BLOCKS = YES;
				GCC_OPTIMIZATION_LEVEL = 0;
				GCC_PREPROCESSOR_DEFINITIONS = (
					"DEBUG=1",
					"$(inherited)",
				);
				GCC_WARN_64_TO_32_BIT_CONVERSION = YES;
				GCC_WARN_ABOUT_RETURN_TYPE = YES_ERROR;
				GCC_WARN_UNDECLARED_SELECTOR = YES;
				GCC_WARN_UNINITIALIZED_AUTOS = YES_AGGRESSIVE;
				GCC_WARN_UNUSED_FUNCTION = YES;
				GCC_WARN_UNUSED_VARIABLE = YES;
				IPHONEOS_DEPLOYMENT_TARGET = 16.4;
				MTL_ENABLE_DEBUG_INFO = INCLUDE_SOURCE;
				MTL_FAST_MATH = YES;
				ONLY_ACTIVE_ARCH = YES;
				SDKROOT = iphoneos;
				SWIFT_ACTIVE_COMPILATION_CONDITIONS = DEBUG;
				SWIFT_OPTIMIZATION_LEVEL = "-Onone";
			};
			name = Debug;
		};
		68BD87062B22DE2A00DD970E /* Release */ = {
			isa = XCBuildConfiguration;
			buildSettings = {
				ALWAYS_SEARCH_USER_PATHS = NO;
				CLANG_ANALYZER_NONNULL = YES;
				CLANG_ANALYZER_NUMBER_OBJECT_CONVERSION = YES_AGGRESSIVE;
				CLANG_CXX_LANGUAGE_STANDARD = "gnu++20";
				CLANG_ENABLE_MODULES = YES;
				CLANG_ENABLE_OBJC_ARC = YES;
				CLANG_ENABLE_OBJC_WEAK = YES;
				CLANG_WARN_BLOCK_CAPTURE_AUTORELEASING = YES;
				CLANG_WARN_BOOL_CONVERSION = YES;
				CLANG_WARN_COMMA = YES;
				CLANG_WARN_CONSTANT_CONVERSION = YES;
				CLANG_WARN_DEPRECATED_OBJC_IMPLEMENTATIONS = YES;
				CLANG_WARN_DIRECT_OBJC_ISA_USAGE = YES_ERROR;
				CLANG_WARN_DOCUMENTATION_COMMENTS = YES;
				CLANG_WARN_EMPTY_BODY = YES;
				CLANG_WARN_ENUM_CONVERSION = YES;
				CLANG_WARN_INFINITE_RECURSION = YES;
				CLANG_WARN_INT_CONVERSION = YES;
				CLANG_WARN_NON_LITERAL_NULL_CONVERSION = YES;
				CLANG_WARN_OBJC_IMPLICIT_RETAIN_SELF = YES;
				CLANG_WARN_OBJC_LITERAL_CONVERSION = YES;
				CLANG_WARN_OBJC_ROOT_CLASS = YES_ERROR;
				CLANG_WARN_QUOTED_INCLUDE_IN_FRAMEWORK_HEADER = YES;
				CLANG_WARN_RANGE_LOOP_ANALYSIS = YES;
				CLANG_WARN_STRICT_PROTOTYPES = YES;
				CLANG_WARN_SUSPICIOUS_MOVE = YES;
				CLANG_WARN_UNGUARDED_AVAILABILITY = YES_AGGRESSIVE;
				CLANG_WARN_UNREACHABLE_CODE = YES;
				CLANG_WARN__DUPLICATE_METHOD_MATCH = YES;
				COPY_PHASE_STRIP = NO;
				DEBUG_INFORMATION_FORMAT = "dwarf-with-dsym";
				ENABLE_NS_ASSERTIONS = NO;
				ENABLE_STRICT_OBJC_MSGSEND = YES;
				GCC_C_LANGUAGE_STANDARD = gnu11;
				GCC_NO_COMMON_BLOCKS = YES;
				GCC_WARN_64_TO_32_BIT_CONVERSION = YES;
				GCC_WARN_ABOUT_RETURN_TYPE = YES_ERROR;
				GCC_WARN_UNDECLARED_SELECTOR = YES;
				GCC_WARN_UNINITIALIZED_AUTOS = YES_AGGRESSIVE;
				GCC_WARN_UNUSED_FUNCTION = YES;
				GCC_WARN_UNUSED_VARIABLE = YES;
				IPHONEOS_DEPLOYMENT_TARGET = 16.4;
				MTL_ENABLE_DEBUG_INFO = NO;
				MTL_FAST_MATH = YES;
				SDKROOT = iphoneos;
				SWIFT_COMPILATION_MODE = wholemodule;
				SWIFT_OPTIMIZATION_LEVEL = "-O";
				VALIDATE_PRODUCT = YES;
			};
			name = Release;
		};
		68BD87082B22DE2A00DD970E /* Debug */ = {
			isa = XCBuildConfiguration;
			buildSettings = {
				ASSETCATALOG_COMPILER_APPICON_NAME = AppIcon;
				ASSETCATALOG_COMPILER_GLOBAL_ACCENT_COLOR_NAME = AccentColor;
				CODE_SIGN_STYLE = Automatic;
				CURRENT_PROJECT_VERSION = 1;
				DEVELOPMENT_ASSET_PATHS = "\"Sign Language to Text Translator App/Preview Content\"";
				ENABLE_PREVIEWS = YES;
				GENERATE_INFOPLIST_FILE = YES;
				INFOPLIST_KEY_UIApplicationSceneManifest_Generation = YES;
				INFOPLIST_KEY_UIApplicationSupportsIndirectInputEvents = YES;
				INFOPLIST_KEY_UILaunchScreen_Generation = YES;
				INFOPLIST_KEY_UISupportedInterfaceOrientations_iPad = "UIInterfaceOrientationPortrait UIInterfaceOrientationPortraitUpsideDown UIInterfaceOrientationLandscapeLeft UIInterfaceOrientationLandscapeRight";
				INFOPLIST_KEY_UISupportedInterfaceOrientations_iPhone = "UIInterfaceOrientationPortrait UIInterfaceOrientationLandscapeLeft UIInterfaceOrientationLandscapeRight";
				LD_RUNPATH_SEARCH_PATHS = (
					"$(inherited)",
					"@executable_path/Frameworks",
				);
				MARKETING_VERSION = 1.0;
				PRODUCT_BUNDLE_IDENTIFIER = "AaditMaheshwari.Sign-Language-to-Text-Translator-App";
				PRODUCT_NAME = "$(TARGET_NAME)";
				SWIFT_EMIT_LOC_STRINGS = YES;
				SWIFT_VERSION = 5.0;
				TARGETED_DEVICE_FAMILY = "1,2";
			};
			name = Debug;
		};
		68BD87092B22DE2A00DD970E /* Release */ = {
			isa = XCBuildConfiguration;
			buildSettings = {
				ASSETCATALOG_COMPILER_APPICON_NAME = AppIcon;
				ASSETCATALOG_COMPILER_GLOBAL_ACCENT_COLOR_NAME = AccentColor;
				CODE_SIGN_STYLE = Automatic;
				CURRENT_PROJECT_VERSION = 1;
				DEVELOPMENT_ASSET_PATHS = "\"Sign Language to Text Translator App/Preview Content\"";
				ENABLE_PREVIEWS = YES;
				GENERATE_INFOPLIST_FILE = YES;
				INFOPLIST_KEY_UIApplicationSceneManifest_Generation = YES;
				INFOPLIST_KEY_UIApplicationSupportsIndirectInputEvents = YES;
				INFOPLIST_KEY_UILaunchScreen_Generation = YES;
				INFOPLIST_KEY_UISupportedInterfaceOrientations_iPad = "UIInterfaceOrientationPortrait UIInterfaceOrientationPortraitUpsideDown UIInterfaceOrientationLandscapeLeft UIInterfaceOrientationLandscapeRight";
				INFOPLIST_KEY_UISupportedInterfaceOrientations_iPhone = "UIInterfaceOrientationPortrait UIInterfaceOrientationLandscapeLeft UIInterfaceOrientationLandscapeRight";
				LD_RUNPATH_SEARCH_PATHS = (
					"$(inherited)",
					"@executable_path/Frameworks",
				);
				MARKETING_VERSION = 1.0;
				PRODUCT_BUNDLE_IDENTIFIER = "AaditMaheshwari.Sign-Language-to-Text-Translator-App";
				PRODUCT_NAME = "$(TARGET_NAME)";
				SWIFT_EMIT_LOC_STRINGS = YES;
				SWIFT_VERSION = 5.0;
				TARGETED_DEVICE_FAMILY = "1,2";
			};
			name = Release;
		};
		68BD870B2B22DE2A00DD970E /* Debug */ = {
			isa = XCBuildConfiguration;
			buildSettings = {
				ALWAYS_EMBED_SWIFT_STANDARD_LIBRARIES = YES;
				BUNDLE_LOADER = "$(TEST_HOST)";
				CODE_SIGN_STYLE = Automatic;
				CURRENT_PROJECT_VERSION = 1;
				GENERATE_INFOPLIST_FILE = YES;
				IPHONEOS_DEPLOYMENT_TARGET = 16.4;
				MARKETING_VERSION = 1.0;
				PRODUCT_BUNDLE_IDENTIFIER = "AaditMaheshwari.Sign-Language-to-Text-Translator-AppTests";
				PRODUCT_NAME = "$(TARGET_NAME)";
				SWIFT_EMIT_LOC_STRINGS = NO;
				SWIFT_VERSION = 5.0;
				TARGETED_DEVICE_FAMILY = "1,2";
				TEST_HOST = "$(BUILT_PRODUCTS_DIR)/Sign Language to Text Translator App.app/$(BUNDLE_EXECUTABLE_FOLDER_PATH)/Sign Language to Text Translator App";
			};
			name = Debug;
		};
		68BD870C2B22DE2A00DD970E /* Release */ = {
			isa = XCBuildConfiguration;
			buildSettings = {
				ALWAYS_EMBED_SWIFT_STANDARD_LIBRARIES = YES;
				BUNDLE_LOADER = "$(TEST_HOST)";
				CODE_SIGN_STYLE = Automatic;
				CURRENT_PROJECT_VERSION = 1;
				GENERATE_INFOPLIST_FILE = YES;
				IPHONEOS_DEPLOYMENT_TARGET = 16.4;
				MARKETING_VERSION = 1.0;
				PRODUCT_BUNDLE_IDENTIFIER = "AaditMaheshwari.Sign-Language-to-Text-Translator-AppTests";
				PRODUCT_NAME = "$(TARGET_NAME)";
				SWIFT_EMIT_LOC_STRINGS = NO;
				SWIFT_VERSION = 5.0;
				TARGETED_DEVICE_FAMILY = "1,2";
				TEST_HOST = "$(BUILT_PRODUCTS_DIR)/Sign Language to Text Translator App.app/$(BUNDLE_EXECUTABLE_FOLDER_PATH)/Sign Language to Text Translator App";
			};
			name = Release;
		};
		68BD870E2B22DE2A00DD970E /* Debug */ = {
			isa = XCBuildConfiguration;
			buildSettings = {
				ALWAYS_EMBED_SWIFT_STANDARD_LIBRARIES = YES;
				CODE_SIGN_STYLE = Automatic;
				CURRENT_PROJECT_VERSION = 1;
				GENERATE_INFOPLIST_FILE = YES;
				MARKETING_VERSION = 1.0;
				PRODUCT_BUNDLE_IDENTIFIER = "AaditMaheshwari.Sign-Language-to-Text-Translator-AppUITests";
				PRODUCT_NAME = "$(TARGET_NAME)";
				SWIFT_EMIT_LOC_STRINGS = NO;
				SWIFT_VERSION = 5.0;
				TARGETED_DEVICE_FAMILY = "1,2";
				TEST_TARGET_NAME = "Sign Language to Text Translator App";
			};
			name = Debug;
		};
		68BD870F2B22DE2A00DD970E /* Release */ = {
			isa = XCBuildConfiguration;
			buildSettings = {
				ALWAYS_EMBED_SWIFT_STANDARD_LIBRARIES = YES;
				CODE_SIGN_STYLE = Automatic;
				CURRENT_PROJECT_VERSION = 1;
				GENERATE_INFOPLIST_FILE = YES;
				MARKETING_VERSION = 1.0;
				PRODUCT_BUNDLE_IDENTIFIER = "AaditMaheshwari.Sign-Language-to-Text-Translator-AppUITests";
				PRODUCT_NAME = "$(TARGET_NAME)";
				SWIFT_EMIT_LOC_STRINGS = NO;
				SWIFT_VERSION = 5.0;
				TARGETED_DEVICE_FAMILY = "1,2";
				TEST_TARGET_NAME = "Sign Language to Text Translator App";
			};
			name = Release;
		};
/* End XCBuildConfiguration section */

/* Begin XCConfigurationList section */
		68BD86DE2B22DE2800DD970E /* Build configuration list for PBXProject "Sign Language to Text Translator App" */ = {
			isa = XCConfigurationList;
			buildConfigurations = (
				68BD87052B22DE2A00DD970E /* Debug */,
				68BD87062B22DE2A00DD970E /* Release */,
			);
			defaultConfigurationIsVisible = 0;
			defaultConfigurationName = Release;
		};
		68BD87072B22DE2A00DD970E /* Build configuration list for PBXNativeTarget "Sign Language to Text Translator App" */ = {
			isa = XCConfigurationList;
			buildConfigurations = (
				68BD87082B22DE2A00DD970E /* Debug */,
				68BD87092B22DE2A00DD970E /* Release */,
			);
			defaultConfigurationIsVisible = 0;
			defaultConfigurationName = Release;
		};
		68BD870A2B22DE2A00DD970E /* Build configuration list for PBXNativeTarget "Sign Language to Text Translator AppTests" */ = {
			isa = XCConfigurationList;
			buildConfigurations = (
				68BD870B2B22DE2A00DD970E /* Debug */,
				68BD870C2B22DE2A00DD970E /* Release */,
			);
			defaultConfigurationIsVisible = 0;
			defaultConfigurationName = Release;
		};
		68BD870D2B22DE2A00DD970E /* Build configuration list for PBXNativeTarget "Sign Language to Text Translator AppUITests" */ = {
			isa = XCConfigurationList;
			buildConfigurations = (
				68BD870E2B22DE2A00DD970E /* Debug */,
				68BD870F2B22DE2A00DD970E /* Release */,
			);
			defaultConfigurationIsVisible = 0;
			defaultConfigurationName = Release;
		};
/* End XCConfigurationList section */
	};
	rootObject = 68BD86DB2B22DE2800DD970E /* Project object */;
}
